
Microsoft Visual Studio Solution File, Format Version 12.00
# Visual Studio Version 17
VisualStudioVersion = 17.9.34728.123
MinimumVisualStudioVersion = 10.0.40219.1
Project("{FAE04EC0-301F-11D3-BF4B-00C04F79EFBC}") = "ThreadPoolExcercise", "ThreadPoolExcercise\ThreadPoolExcercise.csproj", "{6196E750-2587-430B-A2D8-A4A57FA7F61B}"
EndProject
Global
	GlobalSection(SolutionConfigurationPlatforms) = preSolution
		Debug|Any CPU = Debug|Any CPU
		Release|Any CPU = Release|Any CPU
	EndGlobalSection
	GlobalSection(ProjectConfigurationPlatforms) = postSolution
		{6196E750-2587-430B-A2D8-A4A57FA7F61B}.Debug|Any CPU.ActiveCfg = Debug|Any CPU
		{6196E750-2587-430B-A2D8-A4A57FA7F61B}.Debug|Any CPU.Build.0 = Debug|Any CPU
		{6196E750-2587-430B-A2D8-A4A57FA7F61B}.Release|Any CPU.ActiveCfg = Release|Any CPU
		{6196E750-2587-430B-A2D8-A4A57FA7F61B}.Release|Any CPU.Build.0 = Release|Any CPU
	EndGlobalSection
	GlobalSection(SolutionProperties) = preSolution
		HideSolutionNode = FALSE
	EndGlobalSection
	GlobalSection(ExtensibilityGlobals) = postSolution
		SolutionGuid = {70833E94-8ECC-4B89-A8B4-C9534A97DB66}
	EndGlobalSection
EndGlobal
